// !$*UTF8*$!
{
	archiveVersion = 1;
	classes = {
	};
	objectVersion = 46;
	objects = {

/* Begin PBXBuildFile section */
		AF68B1F91DB299050054EDC9 /* AppDelegate.swift in Sources */ = {isa = PBXBuildFile; fileRef = AF68B1F81DB299050054EDC9 /* AppDelegate.swift */; };
		AF68B1FB1DB299050054EDC9 /* ViewController.swift in Sources */ = {isa = PBXBuildFile; fileRef = AF68B1FA1DB299050054EDC9 /* ViewController.swift */; };
		AF68B1FE1DB299050054EDC9 /* Main.storyboard in Resources */ = {isa = PBXBuildFile; fileRef = AF68B1FC1DB299050054EDC9 /* Main.storyboard */; };
		AF68B2001DB299050054EDC9 /* Assets.xcassets in Resources */ = {isa = PBXBuildFile; fileRef = AF68B1FF1DB299050054EDC9 /* Assets.xcassets */; };
		AF68B2031DB299050054EDC9 /* LaunchScreen.storyboard in Resources */ = {isa = PBXBuildFile; fileRef = AF68B2011DB299050054EDC9 /* LaunchScreen.storyboard */; };
/* End PBXBuildFile section */

/* Begin PBXFileReference section */
		AF68B1F51DB299050054EDC9 /* midterm_project.app */ = {isa = PBXFileReference; explicitFileType = wrapper.application; includeInIndex = 0; path = midterm_project.app; sourceTree = BUILT_PRODUCTS_DIR; };
		AF68B1F81DB299050054EDC9 /* AppDelegate.swift */ = {isa = PBXFileReference; lastKnownFileType = sourcecode.swift; path = AppDelegate.swift; sourceTree = "<group>"; };
		AF68B1FA1DB299050054EDC9 /* ViewController.swift */ = {isa = PBXFileReference; lastKnownFileType = sourcecode.swift; path = ViewController.swift; sourceTree = "<group>"; };
		AF68B1FD1DB299050054EDC9 /* Base */ = {isa = PBXFileReference; lastKnownFileType = file.storyboard; name = Base; path = Base.lproj/Main.storyboard; sourceTree = "<group>"; };
		AF68B1FF1DB299050054EDC9 /* Assets.xcassets */ = {isa = PBXFileReference; lastKnownFileType = folder.assetcatalog; path = Assets.xcassets; sourceTree = "<group>"; };
		AF68B2021DB299050054EDC9 /* Base */ = {isa = PBXFileReference; lastKnownFileType = file.storyboard; name = Base; path = Base.lproj/LaunchScreen.storyboard; sourceTree = "<group>"; };
		AF68B2041DB299050054EDC9 /* Info.plist */ = {isa = PBXFileReference; lastKnownFileType = text.plist.xml; path = Info.plist; sourceTree = "<group>"; };
/* End PBXFileReference section */

/* Begin PBXFrameworksBuildPhase section */
		AF68B1F21DB299050054EDC9 /* Frameworks */ = {
			isa = PBXFrameworksBuildPhase;
			buildActionMask = 2147483647;
			files = (
			);
			runOnlyForDeploymentPostprocessing = 0;
		};
/* End PBXFrameworksBuildPhase section */

/* Begin PBXGroup section */
		AF68B1EC1DB299050054EDC9 = {
			isa = PBXGroup;
			children = (
				AF68B1F71DB299050054EDC9 /* midterm_project */,
				AF68B1F61DB299050054EDC9 /* Products */,
			);
			sourceTree = "<group>";
		};
		AF68B1F61DB299050054EDC9 /* Products */ = {
			isa = PBXGroup;
			children = (
				AF68B1F51DB299050054EDC9 /* midterm_project.app */,
			);
			name = Products;
			sourceTree = "<group>";
		};
		AF68B1F71DB299050054EDC9 /* midterm_project */ = {
			isa = PBXGroup;
			children = (
				AF68B1F81DB299050054EDC9 /* AppDelegate.swift */,
				AF68B1FA1DB299050054EDC9 /* ViewController.swift */,
				AF68B1FC1DB299050054EDC9 /* Main.storyboard */,
				AF68B1FF1DB299050054EDC9 /* Assets.xcassets */,
				AF68B2011DB299050054EDC9 /* LaunchScreen.storyboard */,
				AF68B2041DB299050054EDC9 /* Info.plist */,
			);
			path = midterm_project;
			sourceTree = "<group>";
		};
/* End PBXGroup section */

/* Begin PBXNativeTarget section */
		AF68B1F41DB299050054EDC9 /* midterm_project */ = {
			isa = PBXNativeTarget;
			buildConfigurationList = AF68B2071DB299050054EDC9 /* Build configuration list for PBXNativeTarget "midterm_project" */;
			buildPhases = (
				AF68B1F11DB299050054EDC9 /* Sources */,
				AF68B1F21DB299050054EDC9 /* Frameworks */,
				AF68B1F31DB299050054EDC9 /* Resources */,
			);
			buildRules = (
			);
			dependencies = (
			);
			name = midterm_project;
			productName = midterm_project;
			productReference = AF68B1F51DB299050054EDC9 /* midterm_project.app */;
			productType = "com.apple.product-type.application";
		};
/* End PBXNativeTarget section */

/* Begin PBXProject section */
		AF68B1ED1DB299050054EDC9 /* Project object */ = {
			isa = PBXProject;
			attributes = {
				LastSwiftUpdateCheck = 0730;
				LastUpgradeCheck = 0730;
				ORGANIZATIONNAME = "Monmouth University";
				TargetAttributes = {
					AF68B1F41DB299050054EDC9 = {
						CreatedOnToolsVersion = 7.3;
					};
				};
			};
			buildConfigurationList = AF68B1F01DB299050054EDC9 /* Build configuration list for PBXProject "midterm_project" */;
			compatibilityVersion = "Xcode 3.2";
			developmentRegion = English;
			hasScannedForEncodings = 0;
			knownRegions = (
				en,
				Base,
			);
			mainGroup = AF68B1EC1DB299050054EDC9;
			productRefGroup = AF68B1F61DB299050054EDC9 /* Products */;
			projectDirPath = "";
			projectRoot = "";
			targets = (
				AF68B1F41DB299050054EDC9 /* midterm_project */,
			);
		};
/* End PBXProject section */

/* Begin PBXResourcesBuildPhase section */
		AF68B1F31DB299050054EDC9 /* Resources */ = {
			isa = PBXResourcesBuildPhase;
			buildActionMask = 2147483647;
			files = (
				AF68B2031DB299050054EDC9 /* LaunchScreen.storyboard in Resources */,
				AF68B2001DB299050054EDC9 /* Assets.xcassets in Resources */,
				AF68B1FE1DB299050054EDC9 /* Main.storyboard in Resources */,
			);
			runOnlyForDeploymentPostprocessing = 0;
		};
/* End PBXResourcesBuildPhase section */

/* Begin PBXSourcesBuildPhase section */
		AF68B1F11DB299050054EDC9 /* Sources */ = {
			isa = PBXSourcesBuildPhase;
			buildActionMask = 2147483647;
			files = (
				AF68B1FB1DB299050054EDC9 /* ViewController.swift in Sources */,
				AF68B1F91DB299050054EDC9 /* AppDelegate.swift in Sources */,
			);
			runOnlyForDeploymentPostprocessing = 0;
		};
/* End PBXSourcesBuildPhase section */

/* Begin PBXVariantGroup section */
		AF68B1FC1DB299050054EDC9 /* Main.storyboard */ = {
			isa = PBXVariantGroup;
			children = (
				AF68B1FD1DB299050054EDC9 /* Base */,
			);
			name = Main.storyboard;
			sourceTree = "<group>";
		};
		AF68B2011DB299050054EDC9 /* LaunchScreen.storyboard */ = {
			isa = PBXVariantGroup;
			children = (
				AF68B2021DB299050054EDC9 /* Base */,
			);
			name = LaunchScreen.storyboard;
			sourceTree = "<group>";
		};
/* End PBXVariantGroup section */

/* Begin XCBuildConfiguration section */
		AF68B2051DB299050054EDC9 /* Debug */ = {
			isa = XCBuildConfiguration;
			buildSettings = {
				ALWAYS_SEARCH_USER_PATHS = NO;
				CLANG_ANALYZER_NONNULL = YES;
				CLANG_CXX_LANGUAGE_STANDARD = "gnu++0x";
				CLANG_CXX_LIBRARY = "libc++";
				CLANG_ENABLE_MODULES = YES;
				CLANG_ENABLE_OBJC_ARC = YES;
				CLANG_WARN_BOOL_CONVERSION = YES;
				CLANG_WARN_CONSTANT_CONVERSION = YES;
				CLANG_WARN_DIRECT_OBJC_ISA_USAGE = YES_ERROR;
				CLANG_WARN_EMPTY_BODY = YES;
				CLANG_WARN_ENUM_CONVERSION = YES;
				CLANG_WARN_INT_CONVERSION = YES;
				CLANG_WARN_OBJC_ROOT_CLASS = YES_ERROR;
				CLANG_WARN_UNREACHABLE_CODE = YES;
				CLANG_WARN__DUPLICATE_METHOD_MATCH = YES;
				"CODE_SIGN_IDENTITY[sdk=iphoneos*]" = "iPhone Developer";
				COPY_PHASE_STRIP = NO;
				DEBUG_INFORMATION_FORMAT = dwarf;
				ENABLE_STRICT_OBJC_MSGSEND = YES;
				ENABLE_TESTABILITY = YES;
				GCC_C_LANGUAGE_STANDARD = gnu99;
				GCC_DYNAMIC_NO_PIC = NO;
				GCC_NO_COMMON_BLOCKS = YES;
				GCC_OPTIMIZATION_LEVEL = 0;
				GCC_PREPROCESSOR_DEFINITIONS = (
					"DEBUG=1",
					"$(inherited)",
				);
				GCC_WARN_64_TO_32_BIT_CONVERSION = YES;
				GCC_WARN_ABOUT_RETURN_TYPE = YES_ERROR;
				GCC_WARN_UNDECLARED_SELECTOR = YES;
				GCC_WARN_UNINITIALIZED_AUTOS = YES_AGGRESSIVE;
				GCC_WARN_UNUSED_FUNCTION = YES;
				GCC_WARN_UNUSED_VARIABLE = YES;
				IPHONEOS_DEPLOYMENT_TARGET = 9.3;
				MTL_ENABLE_DEBUG_INFO = YES;
				ONLY_ACTIVE_ARCH = YES;
				SDKROOT = iphoneos;
				SWIFT_OPTIMIZATION_LEVEL = "-Onone";
				TARGETED_DEVICE_FAMILY = "1,2";
			};
			name = Debug;
		};
		AF68B2061DB299050054EDC9 /* Release */ = {
			isa = XCBuildConfiguration;
			buildSettings = {
				ALWAYS_SEARCH_USER_PATHS = NO;
				CLANG_ANALYZER_NONNULL = YES;
				CLANG_CXX_LANGUAGE_STANDARD = "gnu++0x";
				CLANG_CXX_LIBRARY = "libc++";
				CLANG_ENABLE_MODULES = YES;
				CLANG_ENABLE_OBJC_ARC = YES;
				CLANG_WARN_BOOL_CONVERSION = YES;
				CLANG_WARN_CONSTANT_CONVERSION = YES;
				CLANG_WARN_DIRECT_OBJC_ISA_USAGE = YES_ERROR;
				CLANG_WARN_EMPTY_BODY = YES;
				CLANG_WARN_ENUM_CONVERSION = YES;
				CLANG_WARN_INT_CONVERSION = YES;
				CLANG_WARN_OBJC_ROOT_CLASS = YES_ERROR;
				CLANG_WARN_UNREACHABLE_CODE = YES;
				CLANG_WARN__DUPLICATE_METHOD_MATCH = YES;
				"CODE_SIGN_IDENTITY[sdk=iphoneos*]" = "iPhone Developer";
				COPY_PHASE_STRIP = NO;
				DEBUG_INFORMATION_FORMAT = "dwarf-with-dsym";
				ENABLE_NS_ASSERTIONS = NO;
				ENABLE_STRICT_OBJC_MSGSEND = YES;
				GCC_C_LANGUAGE_STANDARD = gnu99;
				GCC_NO_COMMON_BLOCKS = YES;
				GCC_WARN_64_TO_32_BIT_CONVERSION = YES;
				GCC_WARN_ABOUT_RETURN_TYPE = YES_ERROR;
				GCC_WARN_UNDECLARED_SELECTOR = YES;
				GCC_WARN_UNINITIALIZED_AUTOS = YES_AGGRESSIVE;
				GCC_WARN_UNUSED_FUNCTION = YES;
				GCC_WARN_UNUSED_VARIABLE = YES;
				IPHONEOS_DEPLOYMENT_TARGET = 9.3;
				MTL_ENABLE_DEBUG_INFO = NO;
				SDKROOT = iphoneos;
				TARGETED_DEVICE_FAMILY = "1,2";
				VALIDATE_PRODUCT = YES;
			};
			name = Release;
		};
		AF68B2081DB299050054EDC9 /* Debug */ = {
			isa = XCBuildConfiguration;
			buildSettings = {
				ASSETCATALOG_COMPILER_APPICON_NAME = AppIcon;
				INFOPLIST_FILE = midterm_project/Info.plist;
				LD_RUNPATH_SEARCH_PATHS = "$(inherited) @executable_path/Frameworks";
				PRODUCT_BUNDLE_IDENTIFIER = "edu.monmouth.s1100349.student.midterm-project";
				PRODUCT_NAME = "$(TARGET_NAME)";
			};
			name = Debug;
		};
		AF68B2091DB299050054EDC9 /* Release */ = {
			isa = XCBuildConfiguration;
			buildSettings = {
				ASSETCATALOG_COMPILER_APPICON_NAME = AppIcon;
				INFOPLIST_FILE = midterm_project/Info.plist;
				LD_RUNPATH_SEARCH_PATHS = "$(inherited) @executable_path/Frameworks";
				PRODUCT_BUNDLE_IDENTIFIER = "edu.monmouth.s1100349.student.midterm-project";
				PRODUCT_NAME = "$(TARGET_NAME)";
			};
			name = Release;
		};
/* End XCBuildConfiguration section */

/* Begin XCConfigurationList section */
		AF68B1F01DB299050054EDC9 /* Build configuration list for PBXProject "midterm_project" */ = {
			isa = XCConfigurationList;
			buildConfigurations = (
				AF68B2051DB299050054EDC9 /* Debug */,
				AF68B2061DB299050054EDC9 /* Release */,
			);
			defaultConfigurationIsVisible = 0;
			defaultConfigurationName = Release;
		};
		AF68B2071DB299050054EDC9 /* Build configuration list for PBXNativeTarget "midterm_project" */ = {
			isa = XCConfigurationList;
			buildConfigurations = (
				AF68B2081DB299050054EDC9 /* Debug */,
				AF68B2091DB299050054EDC9 /* Release */,
			);
			defaultConfigurationIsVisible = 0;
		};
/* End XCConfigurationList section */
	};
	rootObject = AF68B1ED1DB299050054EDC9 /* Project object */;
}
